
Microsoft Visual Studio Solution File, Format Version 12.00
# Visual Studio Version 17
VisualStudioVersion = 17.0.32014.148
MinimumVisualStudioVersion = 10.0.40219.1
Project("{6EC3EE1D-3C4E-46DD-8F32-0CC8E7565705}") = "FsHttp", "src\FsHttp\FsHttp.fsproj", "{D1AD2123-678B-4DC9-9DBA-3D6FF2E30F61}"
EndProject
Project("{6EC3EE1D-3C4E-46DD-8F32-0CC8E7565705}") = "FsHttp.FSharpData", "src\FsHttp.FSharpData\FsHttp.FSharpData.fsproj", "{07320ED5-9E4A-452E-80C3-007C3303735F}"
EndProject
Project("{6EC3EE1D-3C4E-46DD-8F32-0CC8E7565705}") = "FsHttp.NewtonsoftJson", "src\FsHttp.NewtonsoftJson\FsHttp.NewtonsoftJson.fsproj", "{CB577E4F-F4F0-4ADA-BD90-036B5ECF17AD}"
EndProject
Project("{9A19103F-16F7-4668-BE54-9A1E7A4F7556}") = "Test.CSharp", "src\Test.CSharp\Test.CSharp.csproj", "{1163EF7E-1845-4D2A-8C3F-8691618500DF}"
EndProject
Project("{9A19103F-16F7-4668-BE54-9A1E7A4F7556}") = "TestWebServer", "src\TestWebServer\TestWebServer.csproj", "{E7E326FD-1D66-4DBD-AB60-D006D3B77244}"
EndProject
Project("{6EC3EE1D-3C4E-46DD-8F32-0CC8E7565705}") = "Tests", "src\Tests\Tests.fsproj", "{63A6AF47-CB3F-4DBA-A16E-B66D6EFA3573}"
EndProject
Global
	GlobalSection(SolutionConfigurationPlatforms) = preSolution
		Debug|Any CPU = Debug|Any CPU
		Release|Any CPU = Release|Any CPU
	EndGlobalSection
	GlobalSection(ProjectConfigurationPlatforms) = postSolution
		{D1AD2123-678B-4DC9-9DBA-3D6FF2E30F61}.Debug|Any CPU.ActiveCfg = Debug|Any CPU
		{D1AD2123-678B-4DC9-9DBA-3D6FF2E30F61}.Debug|Any CPU.Build.0 = Debug|Any CPU
		{D1AD2123-678B-4DC9-9DBA-3D6FF2E30F61}.Release|Any CPU.ActiveCfg = Release|Any CPU
		{D1AD2123-678B-4DC9-9DBA-3D6FF2E30F61}.Release|Any CPU.Build.0 = Release|Any CPU
		{07320ED5-9E4A-452E-80C3-007C3303735F}.Debug|Any CPU.ActiveCfg = Debug|Any CPU
		{07320ED5-9E4A-452E-80C3-007C3303735F}.Debug|Any CPU.Build.0 = Debug|Any CPU
		{07320ED5-9E4A-452E-80C3-007C3303735F}.Release|Any CPU.ActiveCfg = Release|Any CPU
		{07320ED5-9E4A-452E-80C3-007C3303735F}.Release|Any CPU.Build.0 = Release|Any CPU
		{CB577E4F-F4F0-4ADA-BD90-036B5ECF17AD}.Debug|Any CPU.ActiveCfg = Debug|Any CPU
		{CB577E4F-F4F0-4ADA-BD90-036B5ECF17AD}.Debug|Any CPU.Build.0 = Debug|Any CPU
		{CB577E4F-F4F0-4ADA-BD90-036B5ECF17AD}.Release|Any CPU.ActiveCfg = Release|Any CPU
		{CB577E4F-F4F0-4ADA-BD90-036B5ECF17AD}.Release|Any CPU.Build.0 = Release|Any CPU
		{1163EF7E-1845-4D2A-8C3F-8691618500DF}.Debug|Any CPU.ActiveCfg = Debug|Any CPU
		{1163EF7E-1845-4D2A-8C3F-8691618500DF}.Debug|Any CPU.Build.0 = Debug|Any CPU
		{1163EF7E-1845-4D2A-8C3F-8691618500DF}.Release|Any CPU.ActiveCfg = Release|Any CPU
		{1163EF7E-1845-4D2A-8C3F-8691618500DF}.Release|Any CPU.Build.0 = Release|Any CPU
		{E7E326FD-1D66-4DBD-AB60-D006D3B77244}.Debug|Any CPU.ActiveCfg = Debug|Any CPU
		{E7E326FD-1D66-4DBD-AB60-D006D3B77244}.Debug|Any CPU.Build.0 = Debug|Any CPU
		{E7E326FD-1D66-4DBD-AB60-D006D3B77244}.Release|Any CPU.ActiveCfg = Release|Any CPU
		{E7E326FD-1D66-4DBD-AB60-D006D3B77244}.Release|Any CPU.Build.0 = Release|Any CPU
		{63A6AF47-CB3F-4DBA-A16E-B66D6EFA3573}.Debug|Any CPU.ActiveCfg = Debug|Any CPU
		{63A6AF47-CB3F-4DBA-A16E-B66D6EFA3573}.Debug|Any CPU.Build.0 = Debug|Any CPU
		{63A6AF47-CB3F-4DBA-A16E-B66D6EFA3573}.Release|Any CPU.ActiveCfg = Release|Any CPU
		{63A6AF47-CB3F-4DBA-A16E-B66D6EFA3573}.Release|Any CPU.Build.0 = Release|Any CPU
	EndGlobalSection
	GlobalSection(SolutionProperties) = preSolution
		HideSolutionNode = FALSE
	EndGlobalSection
	GlobalSection(ExtensibilityGlobals) = postSolution
		SolutionGuid = {490D0829-D4E3-4267-8132-14A5B0C9D347}
	EndGlobalSection
EndGlobal
