
Microsoft Visual Studio Solution File, Format Version 12.00
# Visual Studio Version 17
VisualStudioVersion = 17.0.32014.148
MinimumVisualStudioVersion = 10.0.40219.1
Project("{6EC3EE1D-3C4E-46DD-8F32-0CC8E7565705}") = "FsHttp", "FsHttp\FsHttp.fsproj", "{3DE85489-E133-470D-B153-8A61AD1D9301}"
EndProject
Project("{6EC3EE1D-3C4E-46DD-8F32-0CC8E7565705}") = "Tests", "Tests\Tests.fsproj", "{CD6F0C00-72D5-467B-9C18-04EAE6C5D9FB}"
EndProject
Project("{9A19103F-16F7-4668-BE54-9A1E7A4F7556}") = "Test.CSharp", "Test.CSharp\Test.CSharp.csproj", "{C425534B-C569-4BC1-81AD-77BE8F79D91C}"
EndProject
Project("{2150E333-8FDC-42A3-9474-1A3956D46DE8}") = "IntegrationPackages", "IntegrationPackages", "{FD2CA2F0-E5B9-4D04-998B-8C2910E164BA}"
EndProject
Project("{6EC3EE1D-3C4E-46DD-8F32-0CC8E7565705}") = "FsHttp.FSharpData", "FsHttp.FSharpData\FsHttp.FSharpData.fsproj", "{1ADA0D10-F5FF-4A6F-8EEF-E72F5F9B02A9}"
EndProject
Project("{6EC3EE1D-3C4E-46DD-8F32-0CC8E7565705}") = "FsHttp.NewtonsoftJson", "FsHttp.NewtonsoftJson\FsHttp.NewtonsoftJson.fsproj", "{0B8E19D6-8361-43CE-9049-9B3E230141BC}"
EndProject
Global
	GlobalSection(SolutionConfigurationPlatforms) = preSolution
		Debug|Any CPU = Debug|Any CPU
		Release|Any CPU = Release|Any CPU
	EndGlobalSection
	GlobalSection(ProjectConfigurationPlatforms) = postSolution
		{3DE85489-E133-470D-B153-8A61AD1D9301}.Debug|Any CPU.ActiveCfg = Debug|Any CPU
		{3DE85489-E133-470D-B153-8A61AD1D9301}.Debug|Any CPU.Build.0 = Debug|Any CPU
		{3DE85489-E133-470D-B153-8A61AD1D9301}.Release|Any CPU.ActiveCfg = Release|Any CPU
		{3DE85489-E133-470D-B153-8A61AD1D9301}.Release|Any CPU.Build.0 = Release|Any CPU
		{CD6F0C00-72D5-467B-9C18-04EAE6C5D9FB}.Debug|Any CPU.ActiveCfg = Debug|Any CPU
		{CD6F0C00-72D5-467B-9C18-04EAE6C5D9FB}.Debug|Any CPU.Build.0 = Debug|Any CPU
		{CD6F0C00-72D5-467B-9C18-04EAE6C5D9FB}.Release|Any CPU.ActiveCfg = Release|Any CPU
		{CD6F0C00-72D5-467B-9C18-04EAE6C5D9FB}.Release|Any CPU.Build.0 = Release|Any CPU
		{C425534B-C569-4BC1-81AD-77BE8F79D91C}.Debug|Any CPU.ActiveCfg = Debug|Any CPU
		{C425534B-C569-4BC1-81AD-77BE8F79D91C}.Debug|Any CPU.Build.0 = Debug|Any CPU
		{C425534B-C569-4BC1-81AD-77BE8F79D91C}.Release|Any CPU.ActiveCfg = Release|Any CPU
		{C425534B-C569-4BC1-81AD-77BE8F79D91C}.Release|Any CPU.Build.0 = Release|Any CPU
		{1ADA0D10-F5FF-4A6F-8EEF-E72F5F9B02A9}.Debug|Any CPU.ActiveCfg = Debug|Any CPU
		{1ADA0D10-F5FF-4A6F-8EEF-E72F5F9B02A9}.Debug|Any CPU.Build.0 = Debug|Any CPU
		{1ADA0D10-F5FF-4A6F-8EEF-E72F5F9B02A9}.Release|Any CPU.ActiveCfg = Release|Any CPU
		{1ADA0D10-F5FF-4A6F-8EEF-E72F5F9B02A9}.Release|Any CPU.Build.0 = Release|Any CPU
		{0B8E19D6-8361-43CE-9049-9B3E230141BC}.Debug|Any CPU.ActiveCfg = Debug|Any CPU
		{0B8E19D6-8361-43CE-9049-9B3E230141BC}.Debug|Any CPU.Build.0 = Debug|Any CPU
		{0B8E19D6-8361-43CE-9049-9B3E230141BC}.Release|Any CPU.ActiveCfg = Release|Any CPU
		{0B8E19D6-8361-43CE-9049-9B3E230141BC}.Release|Any CPU.Build.0 = Release|Any CPU
	EndGlobalSection
	GlobalSection(SolutionProperties) = preSolution
		HideSolutionNode = FALSE
	EndGlobalSection
	GlobalSection(NestedProjects) = preSolution
		{1ADA0D10-F5FF-4A6F-8EEF-E72F5F9B02A9} = {FD2CA2F0-E5B9-4D04-998B-8C2910E164BA}
		{0B8E19D6-8361-43CE-9049-9B3E230141BC} = {FD2CA2F0-E5B9-4D04-998B-8C2910E164BA}
	EndGlobalSection
	GlobalSection(ExtensibilityGlobals) = postSolution
		SolutionGuid = {490D0829-D4E3-4267-8132-14A5B0C9D347}
	EndGlobalSection
EndGlobal
